{
  "version": 1,
  "dependencies": {
    "net10.0-windows7.0": {
      "H.NotifyIcon.Wpf": {
        "type": "Direct",
        "requested": "[2.4.1, )",
        "resolved": "2.4.1",
        "contentHash": "aDfDSHCCOWgQoIvAApiog/MhriXibacqANQm+b5GaRCgRg92u5J2QcoW2C+wIblgxhtGx3o32/DCKWRR5C/KLw==",
        "dependencies": {
          "H.NotifyIcon": "2.4.1"
        }
      },
      "iNKORE.UI.WPF.Modern": {
        "type": "Direct",
        "requested": "[0.10.2.1, )",
        "resolved": "0.10.2.1",
        "contentHash": "nGwuuVul+TcLCTgPmaAZCc0fYFqUpCNZ8PiulVT3gZnsWt/AvxMZ0DSPpuyI/iRPc/NhFIg9lSIR7uaHWV0I/Q==",
        "dependencies": {
          "iNKORE.UI.WPF": "1.2.8"
        }
      },
      "Jint": {
        "type": "Direct",
        "requested": "[4.16.4, )",
        "resolved": "4.16.4",
        "contentHash": "Gdqc4XA5N7MqUxv2phUZ7U2ZMvcz7tF6ktCe1xVfpP0MEykP41QTKmjyaFTmVPGgawUgQAW4jJi8jv/YEQQY2w==",
        "dependencies": {
          "Acornima": "1.7.0"
        }
      },
      "Microsoft.NET.ILLink.Tasks": {
        "type": "Direct",
        "requested": "[10.0.11, )",
        "resolved": "10.0.11",
        "contentHash": "IBf7lbovvjGWVWXZX5cJ/cO0WXbId0Zq4BuSeT94mGZuOAP66oMeH9PTBZ9Jpp3Jb6jtK0qm/NyUbPRo1gC/wQ=="
      },
      "WPF-UI": {
        "type": "Direct",
        "requested": "[4.3.0, )",
        "resolved": "4.3.0",
        "contentHash": "SIHhc8lIrhEQ/1cLFZN6Dtf8cqsLm4myBULj9obnacd9TyDs2vizhKYzRzTlcPEcnzb3L4EstvPN3M6kcXbJCA==",
        "dependencies": {
          "WPF-UI.Abstractions": "4.3.0"
        }
      },
      "WPF-UI.DependencyInjection": {
        "type": "Direct",
        "requested": "[4.3.0, )",
        "resolved": "4.3.0",
        "contentHash": "ijq5tuBuQNrafsGA4FlZ2eKHIwMSew3zQ6ENIIm3uWi0zBkYrW/gF0sGaaxIB5X7Ewb3vzA1jOodM8jlyJw8sQ==",
        "dependencies": {
          "Microsoft.Extensions.DependencyInjection.Abstractions": "3.1.0",
          "WPF-UI.Abstractions": "4.3.0"
        }
      },
      "Acornima": {
        "type": "Transitive",
        "resolved": "1.7.0",
        "contentHash": "a2I4O4qkuAdB0oSaGz6/k0n/bXxMbGcLBra5dNTTVSLmTwM7uORA8ebpOrNMmDfFWOMwvuaRL6gPprRV4HTV0w=="
      },
      "H.GeneratedIcons.System.Drawing": {
        "type": "Transitive",
        "resolved": "2.4.1",
        "contentHash": "gjYhuwHQzISqKhcNYaRdDhzKCoqLZii+6TTHP0MQf4Q9+H6z4f4A5Xu/j8B8XpFPQ1grCMlQYREvNyNJT9Q/Bg=="
      },
      "H.NotifyIcon": {
        "type": "Transitive",
        "resolved": "2.4.1",
        "contentHash": "nNPgNzo5UHcWYpVLO3AsRlH8fKE9shBA7/WLpZrFZUFbzpKGcLnz15Kmg0pQ851aboAfm3YuHjYFsYQges/pyw==",
        "dependencies": {
          "H.GeneratedIcons.System.Drawing": "2.4.1"
        }
      },
      "iNKORE.UI.WPF": {
        "type": "Transitive",
        "resolved": "1.2.8",
        "contentHash": "7b+z25JFdhGAfyJqlVIF0vLbmgsRvqDZMvhGPTz20gzQigDPMqVUOoCCKB5824GtYsjFCYNilmaowb+4yWATkQ=="
      },
      "Microsoft.Extensions.DependencyInjection.Abstractions": {
        "type": "Transitive",
        "resolved": "3.1.0",
        "contentHash": "44rDtOf1JXXAFpNT2EXMExaDm/4OJ2RXOL9i9lE4bK427nzC7Exphv+beB6IgluyE2GIoo8zezTStMXI7MQ8WA=="
      },
      "WPF-UI.Abstractions": {
        "type": "Transitive",
        "resolved": "4.3.0",
        "contentHash": "7Kj9DmCCo4SOCd1jAiw4+EcMFP2nR8rLLvitAYzVtzbWToTsodkbie24+8x9C4LDLxkopWEUGX62szqqNy7oeg=="
      }
    },
    "net10.0-windows7.0/win-x64": {}
  }
}